PODS:
  - PinLayout (1.9.2)
  - Realm (4.4.1):
    - Realm/Headers (= 4.4.1)
  - Realm/Headers (4.4.1)
  - RealmSwift (4.4.1):
    - Realm (= 4.4.1)
  - RxCocoa (5.1.1):
    - RxRelay (~> 5)
    - RxSwift (~> 5)
  - RxRealm (2.0.0):
    - RealmSwift (~> 4.0)
    - RxSwift (~> 5.0)
  - RxRelay (5.1.1):
    - RxSwift (~> 5)
  - RxSwift (5.1.1)

DEPENDENCIES:
  - PinLayout
  - RealmSwift (~> 4)
  - RxCocoa
  - RxRealm (~> 2)

SPEC REPOS:
  trunk:
    - PinLayout
    - Realm
    - RealmSwift
    - RxCocoa
    - RxRealm
    - RxRelay
    - RxSwift

SPEC CHECKSUMS:
  PinLayout: 0d96022e46e8b80468d819f182a393b97ca038da
  Realm: 4eb04d7487bd43c0581256f40b424eafb711deff
  RealmSwift: 3eb8924ff7100df5928c7602f71d0fec51e7c9c5
  RxCocoa: 32065309a38d29b5b0db858819b5bf9ef038b601
  RxRealm: 900f5c7e6f0a2d6527b56eaf7283f3035ec1e8ba
  RxRelay: d77f7d771495f43c556cbc43eebd1bb54d01e8e9
  RxSwift: 81470a2074fa8780320ea5fe4102807cb7118178

PODFILE CHECKSUM: 4aa15bdde004c00d61e64d346f11ab9d818c41d9

COCOAPODS: 1.10.0
